
Microsoft Visual Studio Solution File, Format Version 12.00
# Visual Studio Version 16
VisualStudioVersion = 16.0.29920.165
MinimumVisualStudioVersion = 10.0.40219.1
Project("{FAE04EC0-301F-11D3-BF4B-00C04F79EFBC}") = "CR-Details", "CR-Details\CR-Details.csproj", "{3ECBFE3C-1150-4773-988B-2CAA6C5F5572}"
EndProject
Global
	GlobalSection(SolutionConfigurationPlatforms) = preSolution
		Debug|Any CPU = Debug|Any CPU
		Release|Any CPU = Release|Any CPU
	EndGlobalSection
	GlobalSection(ProjectConfigurationPlatforms) = postSolution
		{3ECBFE3C-1150-4773-988B-2CAA6C5F5572}.Debug|Any CPU.ActiveCfg = Debug|Any CPU
		{3ECBFE3C-1150-4773-988B-2CAA6C5F5572}.Debug|Any CPU.Build.0 = Debug|Any CPU
		{3ECBFE3C-1150-4773-988B-2CAA6C5F5572}.Release|Any CPU.ActiveCfg = Release|Any CPU
		{3ECBFE3C-1150-4773-988B-2CAA6C5F5572}.Release|Any CPU.Build.0 = Release|Any CPU
	EndGlobalSection
	GlobalSection(SolutionProperties) = preSolution
		HideSolutionNode = FALSE
	EndGlobalSection
	GlobalSection(ExtensibilityGlobals) = postSolution
		SolutionGuid = {4122EF0E-48B5-480B-AEF8-C6BD82E8FA67}
	EndGlobalSection
EndGlobal
